
Microsoft Visual Studio Solution File, Format Version 12.00
# Visual Studio 15
VisualStudioVersion = 15.0.26730.15
MinimumVisualStudioVersion = 10.0.40219.1
Project("{FAE04EC0-301F-11D3-BF4B-00C04F79EFBC}") = "NiceHashBalanceIFTTT", "NiceHashBalanceIFTTT\NiceHashBalanceIFTTT.csproj", "{02FF55C7-ECB8-42A9-98C2-91C8DEC8E222}"
EndProject
Global
	GlobalSection(SolutionConfigurationPlatforms) = preSolution
		Debug|Any CPU = Debug|Any CPU
		Release|Any CPU = Release|Any CPU
	EndGlobalSection
	GlobalSection(ProjectConfigurationPlatforms) = postSolution
		{02FF55C7-ECB8-42A9-98C2-91C8DEC8E222}.Debug|Any CPU.ActiveCfg = Debug|Any CPU
		{02FF55C7-ECB8-42A9-98C2-91C8DEC8E222}.Debug|Any CPU.Build.0 = Debug|Any CPU
		{02FF55C7-ECB8-42A9-98C2-91C8DEC8E222}.Release|Any CPU.ActiveCfg = Release|Any CPU
		{02FF55C7-ECB8-42A9-98C2-91C8DEC8E222}.Release|Any CPU.Build.0 = Release|Any CPU
	EndGlobalSection
	GlobalSection(SolutionProperties) = preSolution
		HideSolutionNode = FALSE
	EndGlobalSection
	GlobalSection(ExtensibilityGlobals) = postSolution
		SolutionGuid = {A474F007-C29C-4E62-B8BF-1F299EA85E51}
	EndGlobalSection
EndGlobal
